// !$*UTF8*$!
{
	archiveVersion = 1;
	classes = {
	};
	objectVersion = 46;
	objects = {

/* Begin PBXBuildFile section */
		002D56F01EC2953E0094505F /* Podfile in Resources */ = {isa = PBXBuildFile; fileRef = 002D56EF1EC2953E0094505F /* Podfile */; };
		003CE03F1BDC1621006A13F7 /* LoginViewController.swift in Sources */ = {isa = PBXBuildFile; fileRef = 003CE03E1BDC1621006A13F7 /* LoginViewController.swift */; };
		003CE0431BDC1A01006A13F7 /* LaunchScreenViewController.swift in Sources */ = {isa = PBXBuildFile; fileRef = 003CE0421BDC1A01006A13F7 /* LaunchScreenViewController.swift */; };
		00577FD51BD478DC006579EB /* AppDelegate.swift in Sources */ = {isa = PBXBuildFile; fileRef = 00577FD41BD478DC006579EB /* AppDelegate.swift */; };
		00577FD71BD478DC006579EB /* NumbersTableViewController.swift in Sources */ = {isa = PBXBuildFile; fileRef = 00577FD61BD478DC006579EB /* NumbersTableViewController.swift */; };
		00577FDC1BD478DC006579EB /* Main.storyboard in Resources */ = {isa = PBXBuildFile; fileRef = 00577FDA1BD478DC006579EB /* Main.storyboard */; };
		00577FDE1BD478DC006579EB /* Assets.xcassets in Resources */ = {isa = PBXBuildFile; fileRef = 00577FDD1BD478DC006579EB /* Assets.xcassets */; };
		00577FE11BD478DC006579EB /* LaunchScreen.storyboard in Resources */ = {isa = PBXBuildFile; fileRef = 00577FDF1BD478DC006579EB /* LaunchScreen.storyboard */; };
		00577FEC1BD478DC006579EB /* WellbeingTests.swift in Sources */ = {isa = PBXBuildFile; fileRef = 00577FEB1BD478DC006579EB /* WellbeingTests.swift */; };
		00577FF71BD478DC006579EB /* WellbeingUITests.swift in Sources */ = {isa = PBXBuildFile; fileRef = 00577FF61BD478DC006579EB /* WellbeingUITests.swift */; };
		005780051BD47ACD006579EB /* EmergencyViewController.swift in Sources */ = {isa = PBXBuildFile; fileRef = 005780041BD47ACD006579EB /* EmergencyViewController.swift */; };
		005780071BD47B25006579EB /* CalculatorViewController.swift in Sources */ = {isa = PBXBuildFile; fileRef = 005780061BD47B25006579EB /* CalculatorViewController.swift */; };
		005780091BD47BC2006579EB /* ReportingViewController.swift in Sources */ = {isa = PBXBuildFile; fileRef = 005780081BD47BC1006579EB /* ReportingViewController.swift */; };
		006DBE8F1C6828B800DD2E4D /* LocationService.swift in Sources */ = {isa = PBXBuildFile; fileRef = 006DBE8E1C6828B800DD2E4D /* LocationService.swift */; };
		0075136A1CC46A350083A211 /* BackendHandler.swift in Sources */ = {isa = PBXBuildFile; fileRef = 007513691CC46A350083A211 /* BackendHandler.swift */; };
		007C199F1BDC1E1000308C43 /* NumbersTableViewCell.swift in Sources */ = {isa = PBXBuildFile; fileRef = 007C199E1BDC1E1000308C43 /* NumbersTableViewCell.swift */; };
		00889AB11CBB46F700FB6A93 /* Images in Resources */ = {isa = PBXBuildFile; fileRef = 002E26191BDDAF8900635F95 /* Images */; };
		0099D6EE1BDE720100D0617B /* NumbersDetailViewController.swift in Sources */ = {isa = PBXBuildFile; fileRef = 0099D6ED1BDE720100D0617B /* NumbersDetailViewController.swift */; };
		CD0F479DEA75911AE627F003 /* Pods_Wellbeing.framework in Frameworks */ = {isa = PBXBuildFile; fileRef = D6CCE34156A9565E2C710C74 /* Pods_Wellbeing.framework */; };
/* End PBXBuildFile section */

/* Begin PBXContainerItemProxy section */
		00577FE81BD478DC006579EB /* PBXContainerItemProxy */ = {
			isa = PBXContainerItemProxy;
			containerPortal = 00577FC91BD478DC006579EB /* Project object */;
			proxyType = 1;
			remoteGlobalIDString = 00577FD01BD478DC006579EB;
			remoteInfo = Wellbeing;
		};
		00577FF31BD478DC006579EB /* PBXContainerItemProxy */ = {
			isa = PBXContainerItemProxy;
			containerPortal = 00577FC91BD478DC006579EB /* Project object */;
			proxyType = 1;
			remoteGlobalIDString = 00577FD01BD478DC006579EB;
			remoteInfo = Wellbeing;
		};
/* End PBXContainerItemProxy section */

/* Begin PBXFileReference section */
		002D56EF1EC2953E0094505F /* Podfile */ = {isa = PBXFileReference; fileEncoding = 4; lastKnownFileType = text; name = Podfile; path = "../../../../college/riceapps/wellbeing-app/app/Podfile"; sourceTree = "<group>"; };
		002E26191BDDAF8900635F95 /* Images */ = {isa = PBXFileReference; lastKnownFileType = folder; path = Images; sourceTree = "<group>"; };
		003CE03E1BDC1621006A13F7 /* LoginViewController.swift */ = {isa = PBXFileReference; fileEncoding = 4; lastKnownFileType = sourcecode.swift; path = LoginViewController.swift; sourceTree = "<group>"; };
		003CE0421BDC1A01006A13F7 /* LaunchScreenViewController.swift */ = {isa = PBXFileReference; fileEncoding = 4; lastKnownFileType = sourcecode.swift; path = LaunchScreenViewController.swift; sourceTree = "<group>"; };
		00577FD11BD478DC006579EB /* Wellbeing.app */ = {isa = PBXFileReference; explicitFileType = wrapper.application; includeInIndex = 0; path = Wellbeing.app; sourceTree = BUILT_PRODUCTS_DIR; };
		00577FD41BD478DC006579EB /* AppDelegate.swift */ = {isa = PBXFileReference; lastKnownFileType = sourcecode.swift; path = AppDelegate.swift; sourceTree = "<group>"; };
		00577FD61BD478DC006579EB /* NumbersTableViewController.swift */ = {isa = PBXFileReference; lastKnownFileType = sourcecode.swift; path = NumbersTableViewController.swift; sourceTree = "<group>"; };
		00577FDB1BD478DC006579EB /* Base */ = {isa = PBXFileReference; lastKnownFileType = file.storyboard; name = Base; path = Base.lproj/Main.storyboard; sourceTree = "<group>"; };
		00577FDD1BD478DC006579EB /* Assets.xcassets */ = {isa = PBXFileReference; lastKnownFileType = folder.assetcatalog; path = Assets.xcassets; sourceTree = "<group>"; };
		00577FE01BD478DC006579EB /* Base */ = {isa = PBXFileReference; lastKnownFileType = file.storyboard; name = Base; path = Base.lproj/LaunchScreen.storyboard; sourceTree = "<group>"; };
		00577FE21BD478DC006579EB /* Info.plist */ = {isa = PBXFileReference; lastKnownFileType = text.plist.xml; path = Info.plist; sourceTree = "<group>"; };
		00577FE71BD478DC006579EB /* WellbeingTests.xctest */ = {isa = PBXFileReference; explicitFileType = wrapper.cfbundle; includeInIndex = 0; path = WellbeingTests.xctest; sourceTree = BUILT_PRODUCTS_DIR; };
		00577FEB1BD478DC006579EB /* WellbeingTests.swift */ = {isa = PBXFileReference; lastKnownFileType = sourcecode.swift; path = WellbeingTests.swift; sourceTree = "<group>"; };
		00577FED1BD478DC006579EB /* Info.plist */ = {isa = PBXFileReference; lastKnownFileType = text.plist.xml; path = Info.plist; sourceTree = "<group>"; };
		00577FF21BD478DC006579EB /* WellbeingUITests.xctest */ = {isa = PBXFileReference; explicitFileType = wrapper.cfbundle; includeInIndex = 0; path = WellbeingUITests.xctest; sourceTree = BUILT_PRODUCTS_DIR; };
		00577FF61BD478DC006579EB /* WellbeingUITests.swift */ = {isa = PBXFileReference; lastKnownFileType = sourcecode.swift; path = WellbeingUITests.swift; sourceTree = "<group>"; };
		00577FF81BD478DC006579EB /* Info.plist */ = {isa = PBXFileReference; lastKnownFileType = text.plist.xml; path = Info.plist; sourceTree = "<group>"; };
		005780041BD47ACD006579EB /* EmergencyViewController.swift */ = {isa = PBXFileReference; fileEncoding = 4; lastKnownFileType = sourcecode.swift; path = EmergencyViewController.swift; sourceTree = "<group>"; };
		005780061BD47B25006579EB /* CalculatorViewController.swift */ = {isa = PBXFileReference; fileEncoding = 4; lastKnownFileType = sourcecode.swift; path = CalculatorViewController.swift; sourceTree = "<group>"; };
		005780081BD47BC1006579EB /* ReportingViewController.swift */ = {isa = PBXFileReference; fileEncoding = 4; lastKnownFileType = sourcecode.swift; path = ReportingViewController.swift; sourceTree = "<group>"; };
		006DBE8E1C6828B800DD2E4D /* LocationService.swift */ = {isa = PBXFileReference; fileEncoding = 4; lastKnownFileType = sourcecode.swift; path = LocationService.swift; sourceTree = "<group>"; };
		007513691CC46A350083A211 /* BackendHandler.swift */ = {isa = PBXFileReference; fileEncoding = 4; lastKnownFileType = sourcecode.swift; path = BackendHandler.swift; sourceTree = "<group>"; };
		007C199E1BDC1E1000308C43 /* NumbersTableViewCell.swift */ = {isa = PBXFileReference; fileEncoding = 4; lastKnownFileType = sourcecode.swift; path = NumbersTableViewCell.swift; sourceTree = "<group>"; };
		0099D6ED1BDE720100D0617B /* NumbersDetailViewController.swift */ = {isa = PBXFileReference; fileEncoding = 4; lastKnownFileType = sourcecode.swift; path = NumbersDetailViewController.swift; sourceTree = "<group>"; };
		17AB1B3034DB91604C73547D /* Pods-Wellbeing.debug.xcconfig */ = {isa = PBXFileReference; includeInIndex = 1; lastKnownFileType = text.xcconfig; name = "Pods-Wellbeing.debug.xcconfig"; path = "Pods/Target Support Files/Pods-Wellbeing/Pods-Wellbeing.debug.xcconfig"; sourceTree = "<group>"; };
		444F833EACC265B0A6259C99 /* Pods-Wellbeing.release.xcconfig */ = {isa = PBXFileReference; includeInIndex = 1; lastKnownFileType = text.xcconfig; name = "Pods-Wellbeing.release.xcconfig"; path = "Pods/Target Support Files/Pods-Wellbeing/Pods-Wellbeing.release.xcconfig"; sourceTree = "<group>"; };
		D6CCE34156A9565E2C710C74 /* Pods_Wellbeing.framework */ = {isa = PBXFileReference; explicitFileType = wrapper.framework; includeInIndex = 0; path = Pods_Wellbeing.framework; sourceTree = BUILT_PRODUCTS_DIR; };
/* End PBXFileReference section */

/* Begin PBXFrameworksBuildPhase section */
		00577FCE1BD478DC006579EB /* Frameworks */ = {
			isa = PBXFrameworksBuildPhase;
			buildActionMask = 2147483647;
			files = (
				CD0F479DEA75911AE627F003 /* Pods_Wellbeing.framework in Frameworks */,
			);
			runOnlyForDeploymentPostprocessing = 0;
		};
		00577FE41BD478DC006579EB /* Frameworks */ = {
			isa = PBXFrameworksBuildPhase;
			buildActionMask = 2147483647;
			files = (
			);
			runOnlyForDeploymentPostprocessing = 0;
		};
		00577FEF1BD478DC006579EB /* Frameworks */ = {
			isa = PBXFrameworksBuildPhase;
			buildActionMask = 2147483647;
			files = (
			);
			runOnlyForDeploymentPostprocessing = 0;
		};
/* End PBXFrameworksBuildPhase section */

/* Begin PBXGroup section */
		00577FC81BD478DC006579EB = {
			isa = PBXGroup;
			children = (
				002D56EF1EC2953E0094505F /* Podfile */,
				00577FD31BD478DC006579EB /* Wellbeing */,
				00577FEA1BD478DC006579EB /* WellbeingTests */,
				00577FF51BD478DC006579EB /* WellbeingUITests */,
				00577FD21BD478DC006579EB /* Products */,
				3A8D8813FED50292306BC105 /* Pods */,
				88528AB21088A5F26D880145 /* Frameworks */,
			);
			sourceTree = "<group>";
		};
		00577FD21BD478DC006579EB /* Products */ = {
			isa = PBXGroup;
			children = (
				00577FD11BD478DC006579EB /* Wellbeing.app */,
				00577FE71BD478DC006579EB /* WellbeingTests.xctest */,
				00577FF21BD478DC006579EB /* WellbeingUITests.xctest */,
			);
			name = Products;
			sourceTree = "<group>";
		};
		00577FD31BD478DC006579EB /* Wellbeing */ = {
			isa = PBXGroup;
			children = (
				00577FD41BD478DC006579EB /* AppDelegate.swift */,
				007513691CC46A350083A211 /* BackendHandler.swift */,
				006DBE8E1C6828B800DD2E4D /* LocationService.swift */,
				00577FD61BD478DC006579EB /* NumbersTableViewController.swift */,
				007C199E1BDC1E1000308C43 /* NumbersTableViewCell.swift */,
				0099D6ED1BDE720100D0617B /* NumbersDetailViewController.swift */,
				005780041BD47ACD006579EB /* EmergencyViewController.swift */,
				003CE03E1BDC1621006A13F7 /* LoginViewController.swift */,
				00577FDA1BD478DC006579EB /* Main.storyboard */,
				005780061BD47B25006579EB /* CalculatorViewController.swift */,
				005780081BD47BC1006579EB /* ReportingViewController.swift */,
				003CE0421BDC1A01006A13F7 /* LaunchScreenViewController.swift */,
				00577FDD1BD478DC006579EB /* Assets.xcassets */,
				002E26191BDDAF8900635F95 /* Images */,
				00577FDF1BD478DC006579EB /* LaunchScreen.storyboard */,
				00577FE21BD478DC006579EB /* Info.plist */,
			);
			path = Wellbeing;
			sourceTree = "<group>";
		};
		00577FEA1BD478DC006579EB /* WellbeingTests */ = {
			isa = PBXGroup;
			children = (
				00577FEB1BD478DC006579EB /* WellbeingTests.swift */,
				00577FED1BD478DC006579EB /* Info.plist */,
			);
			path = WellbeingTests;
			sourceTree = "<group>";
		};
		00577FF51BD478DC006579EB /* WellbeingUITests */ = {
			isa = PBXGroup;
			children = (
				00577FF61BD478DC006579EB /* WellbeingUITests.swift */,
				00577FF81BD478DC006579EB /* Info.plist */,
			);
			path = WellbeingUITests;
			sourceTree = "<group>";
		};
		3A8D8813FED50292306BC105 /* Pods */ = {
			isa = PBXGroup;
			children = (
				17AB1B3034DB91604C73547D /* Pods-Wellbeing.debug.xcconfig */,
				444F833EACC265B0A6259C99 /* Pods-Wellbeing.release.xcconfig */,
			);
			name = Pods;
			sourceTree = "<group>";
		};
		88528AB21088A5F26D880145 /* Frameworks */ = {
			isa = PBXGroup;
			children = (
				D6CCE34156A9565E2C710C74 /* Pods_Wellbeing.framework */,
			);
			name = Frameworks;
			sourceTree = "<group>";
		};
/* End PBXGroup section */

/* Begin PBXNativeTarget section */
		00577FD01BD478DC006579EB /* Wellbeing */ = {
			isa = PBXNativeTarget;
			buildConfigurationList = 00577FFB1BD478DC006579EB /* Build configuration list for PBXNativeTarget "Wellbeing" */;
			buildPhases = (
				853CE5269C52799C5B71B574 /* [CP] Check Pods Manifest.lock */,
				00577FCD1BD478DC006579EB /* Sources */,
				00577FCE1BD478DC006579EB /* Frameworks */,
				00577FCF1BD478DC006579EB /* Resources */,
				7872A2C6F541BC77EAE80F48 /* [CP] Embed Pods Frameworks */,
				24AF2BF5806D4F492D8436FC /* [CP] Copy Pods Resources */,
			);
			buildRules = (
			);
			dependencies = (
			);
			name = Wellbeing;
			productName = Wellbeing;
			productReference = 00577FD11BD478DC006579EB /* Wellbeing.app */;
			productType = "com.apple.product-type.application";
		};
		00577FE61BD478DC006579EB /* WellbeingTests */ = {
			isa = PBXNativeTarget;
			buildConfigurationList = 00577FFE1BD478DC006579EB /* Build configuration list for PBXNativeTarget "WellbeingTests" */;
			buildPhases = (
				00577FE31BD478DC006579EB /* Sources */,
				00577FE41BD478DC006579EB /* Frameworks */,
				00577FE51BD478DC006579EB /* Resources */,
			);
			buildRules = (
			);
			dependencies = (
				00577FE91BD478DC006579EB /* PBXTargetDependency */,
			);
			name = WellbeingTests;
			productName = WellbeingTests;
			productReference = 00577FE71BD478DC006579EB /* WellbeingTests.xctest */;
			productType = "com.apple.product-type.bundle.unit-test";
		};
		00577FF11BD478DC006579EB /* WellbeingUITests */ = {
			isa = PBXNativeTarget;
			buildConfigurationList = 005780011BD478DC006579EB /* Build configuration list for PBXNativeTarget "WellbeingUITests" */;
			buildPhases = (
				00577FEE1BD478DC006579EB /* Sources */,
				00577FEF1BD478DC006579EB /* Frameworks */,
				00577FF01BD478DC006579EB /* Resources */,
			);
			buildRules = (
			);
			dependencies = (
				00577FF41BD478DC006579EB /* PBXTargetDependency */,
			);
			name = WellbeingUITests;
			productName = WellbeingUITests;
			productReference = 00577FF21BD478DC006579EB /* WellbeingUITests.xctest */;
			productType = "com.apple.product-type.bundle.ui-testing";
		};
/* End PBXNativeTarget section */

/* Begin PBXProject section */
		00577FC91BD478DC006579EB /* Project object */ = {
			isa = PBXProject;
			attributes = {
				LastUpgradeCheck = 0830;
				ORGANIZATIONNAME = "Rice Apps";
				TargetAttributes = {
					00577FD01BD478DC006579EB = {
						CreatedOnToolsVersion = 7.0.1;
						DevelopmentTeam = USLGL64478;
						LastSwiftMigration = 0800;
					};
					00577FE61BD478DC006579EB = {
						CreatedOnToolsVersion = 7.0.1;
						LastSwiftMigration = 0800;
						TestTargetID = 00577FD01BD478DC006579EB;
					};
					00577FF11BD478DC006579EB = {
						CreatedOnToolsVersion = 7.0.1;
						LastSwiftMigration = 0800;
						TestTargetID = 00577FD01BD478DC006579EB;
					};
				};
			};
			buildConfigurationList = 00577FCC1BD478DC006579EB /* Build configuration list for PBXProject "Wellbeing" */;
			compatibilityVersion = "Xcode 3.2";
			developmentRegion = English;
			hasScannedForEncodings = 0;
			knownRegions = (
				en,
				Base,
			);
			mainGroup = 00577FC81BD478DC006579EB;
			productRefGroup = 00577FD21BD478DC006579EB /* Products */;
			projectDirPath = "";
			projectRoot = "";
			targets = (
				00577FD01BD478DC006579EB /* Wellbeing */,
				00577FE61BD478DC006579EB /* WellbeingTests */,
				00577FF11BD478DC006579EB /* WellbeingUITests */,
			);
		};
/* End PBXProject section */

/* Begin PBXResourcesBuildPhase section */
		00577FCF1BD478DC006579EB /* Resources */ = {
			isa = PBXResourcesBuildPhase;
			buildActionMask = 2147483647;
			files = (
				002D56F01EC2953E0094505F /* Podfile in Resources */,
				00889AB11CBB46F700FB6A93 /* Images in Resources */,
				00577FE11BD478DC006579EB /* LaunchScreen.storyboard in Resources */,
				00577FDE1BD478DC006579EB /* Assets.xcassets in Resources */,
				00577FDC1BD478DC006579EB /* Main.storyboard in Resources */,
			);
			runOnlyForDeploymentPostprocessing = 0;
		};
		00577FE51BD478DC006579EB /* Resources */ = {
			isa = PBXResourcesBuildPhase;
			buildActionMask = 2147483647;
			files = (
			);
			runOnlyForDeploymentPostprocessing = 0;
		};
		00577FF01BD478DC006579EB /* Resources */ = {
			isa = PBXResourcesBuildPhase;
			buildActionMask = 2147483647;
			files = (
			);
			runOnlyForDeploymentPostprocessing = 0;
		};
/* End PBXResourcesBuildPhase section */

/* Begin PBXShellScriptBuildPhase section */
		24AF2BF5806D4F492D8436FC /* [CP] Copy Pods Resources */ = {
			isa = PBXShellScriptBuildPhase;
			buildActionMask = 2147483647;
			files = (
			);
			inputPaths = (
			);
			name = "[CP] Copy Pods Resources";
			outputPaths = (
			);
			runOnlyForDeploymentPostprocessing = 0;
			shellPath = /bin/sh;
			shellScript = "\"${SRCROOT}/Pods/Target Support Files/Pods-Wellbeing/Pods-Wellbeing-resources.sh\"\n";
			showEnvVarsInLog = 0;
		};
		7872A2C6F541BC77EAE80F48 /* [CP] Embed Pods Frameworks */ = {
			isa = PBXShellScriptBuildPhase;
			buildActionMask = 2147483647;
			files = (
			);
			inputPaths = (
			);
			name = "[CP] Embed Pods Frameworks";
			outputPaths = (
			);
			runOnlyForDeploymentPostprocessing = 0;
			shellPath = /bin/sh;
			shellScript = "\"${SRCROOT}/Pods/Target Support Files/Pods-Wellbeing/Pods-Wellbeing-frameworks.sh\"\n";
			showEnvVarsInLog = 0;
		};
		853CE5269C52799C5B71B574 /* [CP] Check Pods Manifest.lock */ = {
			isa = PBXShellScriptBuildPhase;
			buildActionMask = 2147483647;
			files = (
			);
			inputPaths = (
			);
			name = "[CP] Check Pods Manifest.lock";
			outputPaths = (
			);
			runOnlyForDeploymentPostprocessing = 0;
			shellPath = /bin/sh;
			shellScript = "diff \"${PODS_PODFILE_DIR_PATH}/Podfile.lock\" \"${PODS_ROOT}/Manifest.lock\" > /dev/null\nif [ $? != 0 ] ; then\n    # print error to STDERR\n    echo \"error: The sandbox is not in sync with the Podfile.lock. Run 'pod install' or update your CocoaPods installation.\" >&2\n    exit 1\nfi\n";
			showEnvVarsInLog = 0;
		};
/* End PBXShellScriptBuildPhase section */

/* Begin PBXSourcesBuildPhase section */
		00577FCD1BD478DC006579EB /* Sources */ = {
			isa = PBXSourcesBuildPhase;
			buildActionMask = 2147483647;
			files = (
				006DBE8F1C6828B800DD2E4D /* LocationService.swift in Sources */,
				003CE03F1BDC1621006A13F7 /* LoginViewController.swift in Sources */,
				005780071BD47B25006579EB /* CalculatorViewController.swift in Sources */,
				003CE0431BDC1A01006A13F7 /* LaunchScreenViewController.swift in Sources */,
				00577FD51BD478DC006579EB /* AppDelegate.swift in Sources */,
				005780051BD47ACD006579EB /* EmergencyViewController.swift in Sources */,
				0099D6EE1BDE720100D0617B /* NumbersDetailViewController.swift in Sources */,
				0075136A1CC46A350083A211 /* BackendHandler.swift in Sources */,
				007C199F1BDC1E1000308C43 /* NumbersTableViewCell.swift in Sources */,
				00577FD71BD478DC006579EB /* NumbersTableViewController.swift in Sources */,
				005780091BD47BC2006579EB /* ReportingViewController.swift in Sources */,
			);
			runOnlyForDeploymentPostprocessing = 0;
		};
		00577FE31BD478DC006579EB /* Sources */ = {
			isa = PBXSourcesBuildPhase;
			buildActionMask = 2147483647;
			files = (
				00577FEC1BD478DC006579EB /* WellbeingTests.swift in Sources */,
			);
			runOnlyForDeploymentPostprocessing = 0;
		};
		00577FEE1BD478DC006579EB /* Sources */ = {
			isa = PBXSourcesBuildPhase;
			buildActionMask = 2147483647;
			files = (
				00577FF71BD478DC006579EB /* WellbeingUITests.swift in Sources */,
			);
			runOnlyForDeploymentPostprocessing = 0;
		};
/* End PBXSourcesBuildPhase section */

/* Begin PBXTargetDependency section */
		00577FE91BD478DC006579EB /* PBXTargetDependency */ = {
			isa = PBXTargetDependency;
			target = 00577FD01BD478DC006579EB /* Wellbeing */;
			targetProxy = 00577FE81BD478DC006579EB /* PBXContainerItemProxy */;
		};
		00577FF41BD478DC006579EB /* PBXTargetDependency */ = {
			isa = PBXTargetDependency;
			target = 00577FD01BD478DC006579EB /* Wellbeing */;
			targetProxy = 00577FF31BD478DC006579EB /* PBXContainerItemProxy */;
		};
/* End PBXTargetDependency section */

/* Begin PBXVariantGroup section */
		00577FDA1BD478DC006579EB /* Main.storyboard */ = {
			isa = PBXVariantGroup;
			children = (
				00577FDB1BD478DC006579EB /* Base */,
			);
			name = Main.storyboard;
			sourceTree = "<group>";
		};
		00577FDF1BD478DC006579EB /* LaunchScreen.storyboard */ = {
			isa = PBXVariantGroup;
			children = (
				00577FE01BD478DC006579EB /* Base */,
			);
			name = LaunchScreen.storyboard;
			sourceTree = "<group>";
		};
/* End PBXVariantGroup section */

/* Begin XCBuildConfiguration section */
		00577FF91BD478DC006579EB /* Debug */ = {
			isa = XCBuildConfiguration;
			buildSettings = {
				ALWAYS_SEARCH_USER_PATHS = NO;
				CLANG_CXX_LANGUAGE_STANDARD = "gnu++0x";
				CLANG_CXX_LIBRARY = "libc++";
				CLANG_ENABLE_MODULES = YES;
				CLANG_ENABLE_OBJC_ARC = YES;
				CLANG_WARN_BOOL_CONVERSION = YES;
				CLANG_WARN_CONSTANT_CONVERSION = YES;
				CLANG_WARN_DIRECT_OBJC_ISA_USAGE = YES_ERROR;
				CLANG_WARN_EMPTY_BODY = YES;
				CLANG_WARN_ENUM_CONVERSION = YES;
				CLANG_WARN_INFINITE_RECURSION = YES;
				CLANG_WARN_INT_CONVERSION = YES;
				CLANG_WARN_OBJC_ROOT_CLASS = YES_ERROR;
				CLANG_WARN_SUSPICIOUS_MOVE = YES;
				CLANG_WARN_UNREACHABLE_CODE = YES;
				CLANG_WARN__DUPLICATE_METHOD_MATCH = YES;
				"CODE_SIGN_IDENTITY[sdk=iphoneos*]" = "iPhone Developer";
				COPY_PHASE_STRIP = NO;
				DEBUG_INFORMATION_FORMAT = dwarf;
				ENABLE_STRICT_OBJC_MSGSEND = YES;
				ENABLE_TESTABILITY = YES;
				GCC_C_LANGUAGE_STANDARD = gnu99;
				GCC_DYNAMIC_NO_PIC = NO;
				GCC_NO_COMMON_BLOCKS = YES;
				GCC_OPTIMIZATION_LEVEL = 0;
				GCC_PREPROCESSOR_DEFINITIONS = (
					"DEBUG=1",
					"$(inherited)",
				);
				GCC_WARN_64_TO_32_BIT_CONVERSION = YES;
				GCC_WARN_ABOUT_RETURN_TYPE = YES_ERROR;
				GCC_WARN_UNDECLARED_SELECTOR = YES;
				GCC_WARN_UNINITIALIZED_AUTOS = YES_AGGRESSIVE;
				GCC_WARN_UNUSED_FUNCTION = YES;
				GCC_WARN_UNUSED_VARIABLE = YES;
				IPHONEOS_DEPLOYMENT_TARGET = 9.0;
				MTL_ENABLE_DEBUG_INFO = YES;
				ONLY_ACTIVE_ARCH = YES;
				SDKROOT = iphoneos;
				SWIFT_OPTIMIZATION_LEVEL = "-Onone";
			};
			name = Debug;
		};
		00577FFA1BD478DC006579EB /* Release */ = {
			isa = XCBuildConfiguration;
			buildSettings = {
				ALWAYS_SEARCH_USER_PATHS = NO;
				CLANG_CXX_LANGUAGE_STANDARD = "gnu++0x";
				CLANG_CXX_LIBRARY = "libc++";
				CLANG_ENABLE_MODULES = YES;
				CLANG_ENABLE_OBJC_ARC = YES;
				CLANG_WARN_BOOL_CONVERSION = YES;
				CLANG_WARN_CONSTANT_CONVERSION = YES;
				CLANG_WARN_DIRECT_OBJC_ISA_USAGE = YES_ERROR;
				CLANG_WARN_EMPTY_BODY = YES;
				CLANG_WARN_ENUM_CONVERSION = YES;
				CLANG_WARN_INFINITE_RECURSION = YES;
				CLANG_WARN_INT_CONVERSION = YES;
				CLANG_WARN_OBJC_ROOT_CLASS = YES_ERROR;
				CLANG_WARN_SUSPICIOUS_MOVE = YES;
				CLANG_WARN_UNREACHABLE_CODE = YES;
				CLANG_WARN__DUPLICATE_METHOD_MATCH = YES;
				"CODE_SIGN_IDENTITY[sdk=iphoneos*]" = "iPhone Developer";
				COPY_PHASE_STRIP = NO;
				DEBUG_INFORMATION_FORMAT = "dwarf-with-dsym";
				ENABLE_NS_ASSERTIONS = NO;
				ENABLE_STRICT_OBJC_MSGSEND = YES;
				GCC_C_LANGUAGE_STANDARD = gnu99;
				GCC_NO_COMMON_BLOCKS = YES;
				GCC_WARN_64_TO_32_BIT_CONVERSION = YES;
				GCC_WARN_ABOUT_RETURN_TYPE = YES_ERROR;
				GCC_WARN_UNDECLARED_SELECTOR = YES;
				GCC_WARN_UNINITIALIZED_AUTOS = YES_AGGRESSIVE;
				GCC_WARN_UNUSED_FUNCTION = YES;
				GCC_WARN_UNUSED_VARIABLE = YES;
				IPHONEOS_DEPLOYMENT_TARGET = 9.0;
				MTL_ENABLE_DEBUG_INFO = NO;
				SDKROOT = iphoneos;
				SWIFT_OPTIMIZATION_LEVEL = "-Owholemodule";
				VALIDATE_PRODUCT = YES;
			};
			name = Release;
		};
		00577FFC1BD478DC006579EB /* Debug */ = {
			isa = XCBuildConfiguration;
			baseConfigurationReference = 17AB1B3034DB91604C73547D /* Pods-Wellbeing.debug.xcconfig */;
			buildSettings = {
				ASSETCATALOG_COMPILER_APPICON_NAME = AppIcon;
				DEVELOPMENT_TEAM = USLGL64478;
				INFOPLIST_FILE = Wellbeing/Info.plist;
				LD_RUNPATH_SEARCH_PATHS = "$(inherited) @executable_path/Frameworks";
				PRODUCT_BUNDLE_IDENTIFIER = org.riceapps.Wellbeing;
				PRODUCT_NAME = "$(TARGET_NAME)";
				SWIFT_VERSION = 3.0;
			};
			name = Debug;
		};
		00577FFD1BD478DC006579EB /* Release */ = {
			isa = XCBuildConfiguration;
			baseConfigurationReference = 444F833EACC265B0A6259C99 /* Pods-Wellbeing.release.xcconfig */;
			buildSettings = {
				ASSETCATALOG_COMPILER_APPICON_NAME = AppIcon;
				DEVELOPMENT_TEAM = USLGL64478;
				INFOPLIST_FILE = Wellbeing/Info.plist;
				LD_RUNPATH_SEARCH_PATHS = "$(inherited) @executable_path/Frameworks";
				PRODUCT_BUNDLE_IDENTIFIER = org.riceapps.Wellbeing;
				PRODUCT_NAME = "$(TARGET_NAME)";
				SWIFT_VERSION = 3.0;
			};
			name = Release;
		};
		00577FFF1BD478DC006579EB /* Debug */ = {
			isa = XCBuildConfiguration;
			buildSettings = {
				BUNDLE_LOADER = "$(TEST_HOST)";
				INFOPLIST_FILE = WellbeingTests/Info.plist;
				LD_RUNPATH_SEARCH_PATHS = "$(inherited) @executable_path/Frameworks @loader_path/Frameworks";
				PRODUCT_BUNDLE_IDENTIFIER = org.riceapps.WellbeingTests;
				PRODUCT_NAME = "$(TARGET_NAME)";
				SWIFT_VERSION = 3.0;
				TEST_HOST = "$(BUILT_PRODUCTS_DIR)/Wellbeing.app/Wellbeing";
			};
			name = Debug;
		};
		005780001BD478DC006579EB /* Release */ = {
			isa = XCBuildConfiguration;
			buildSettings = {
				BUNDLE_LOADER = "$(TEST_HOST)";
				INFOPLIST_FILE = WellbeingTests/Info.plist;
				LD_RUNPATH_SEARCH_PATHS = "$(inherited) @executable_path/Frameworks @loader_path/Frameworks";
				PRODUCT_BUNDLE_IDENTIFIER = org.riceapps.WellbeingTests;
				PRODUCT_NAME = "$(TARGET_NAME)";
				SWIFT_VERSION = 3.0;
				TEST_HOST = "$(BUILT_PRODUCTS_DIR)/Wellbeing.app/Wellbeing";
			};
			name = Release;
		};
		005780021BD478DC006579EB /* Debug */ = {
			isa = XCBuildConfiguration;
			buildSettings = {
				INFOPLIST_FILE = WellbeingUITests/Info.plist;
				LD_RUNPATH_SEARCH_PATHS = "$(inherited) @executable_path/Frameworks @loader_path/Frameworks";
				PRODUCT_BUNDLE_IDENTIFIER = org.riceapps.WellbeingUITests;
				PRODUCT_NAME = "$(TARGET_NAME)";
				SWIFT_VERSION = 3.0;
				TEST_TARGET_NAME = Wellbeing;
				USES_XCTRUNNER = YES;
			};
			name = Debug;
		};
		005780031BD478DC006579EB /* Release */ = {
			isa = XCBuildConfiguration;
			buildSettings = {
				INFOPLIST_FILE = WellbeingUITests/Info.plist;
				LD_RUNPATH_SEARCH_PATHS = "$(inherited) @executable_path/Frameworks @loader_path/Frameworks";
				PRODUCT_BUNDLE_IDENTIFIER = org.riceapps.WellbeingUITests;
				PRODUCT_NAME = "$(TARGET_NAME)";
				SWIFT_VERSION = 3.0;
				TEST_TARGET_NAME = Wellbeing;
				USES_XCTRUNNER = YES;
			};
			name = Release;
		};
/* End XCBuildConfiguration section */

/* Begin XCConfigurationList section */
		00577FCC1BD478DC006579EB /* Build configuration list for PBXProject "Wellbeing" */ = {
			isa = XCConfigurationList;
			buildConfigurations = (
				00577FF91BD478DC006579EB /* Debug */,
				00577FFA1BD478DC006579EB /* Release */,
			);
			defaultConfigurationIsVisible = 0;
			defaultConfigurationName = Release;
		};
		00577FFB1BD478DC006579EB /* Build configuration list for PBXNativeTarget "Wellbeing" */ = {
			isa = XCConfigurationList;
			buildConfigurations = (
				00577FFC1BD478DC006579EB /* Debug */,
				00577FFD1BD478DC006579EB /* Release */,
			);
			defaultConfigurationIsVisible = 0;
			defaultConfigurationName = Release;
		};
		00577FFE1BD478DC006579EB /* Build configuration list for PBXNativeTarget "WellbeingTests" */ = {
			isa = XCConfigurationList;
			buildConfigurations = (
				00577FFF1BD478DC006579EB /* Debug */,
				005780001BD478DC006579EB /* Release */,
			);
			defaultConfigurationIsVisible = 0;
			defaultConfigurationName = Release;
		};
		005780011BD478DC006579EB /* Build configuration list for PBXNativeTarget "WellbeingUITests" */ = {
			isa = XCConfigurationList;
			buildConfigurations = (
				005780021BD478DC006579EB /* Debug */,
				005780031BD478DC006579EB /* Release */,
			);
			defaultConfigurationIsVisible = 0;
			defaultConfigurationName = Release;
		};
/* End XCConfigurationList section */
	};
	rootObject = 00577FC91BD478DC006579EB /* Project object */;
}
